
Microsoft Visual Studio Solution File, Format Version 12.00
# Visual Studio Version 17
VisualStudioVersion = 17.7.34202.233
MinimumVisualStudioVersion = 10.0.40219.1
Project("{FAE04EC0-301F-11D3-BF4B-00C04F79EFBC}") = "Forman_OOP", "Forman_OOP\Forman_OOP.csproj", "{3996334C-6728-4331-AFD1-019C7BE0522F}"
EndProject
Global
	GlobalSection(SolutionConfigurationPlatforms) = preSolution
		Debug|Any CPU = Debug|Any CPU
		Release|Any CPU = Release|Any CPU
	EndGlobalSection
	GlobalSection(ProjectConfigurationPlatforms) = postSolution
		{3996334C-6728-4331-AFD1-019C7BE0522F}.Debug|Any CPU.ActiveCfg = Debug|Any CPU
		{3996334C-6728-4331-AFD1-019C7BE0522F}.Debug|Any CPU.Build.0 = Debug|Any CPU
		{3996334C-6728-4331-AFD1-019C7BE0522F}.Release|Any CPU.ActiveCfg = Release|Any CPU
		{3996334C-6728-4331-AFD1-019C7BE0522F}.Release|Any CPU.Build.0 = Release|Any CPU
	EndGlobalSection
	GlobalSection(SolutionProperties) = preSolution
		HideSolutionNode = FALSE
	EndGlobalSection
	GlobalSection(ExtensibilityGlobals) = postSolution
		SolutionGuid = {097F5612-6566-43D9-B9B7-E5F501929B4E}
	EndGlobalSection
EndGlobal
